
эicrosoft Visual Studio Solution File, Format Version 12.00
# Visual Studio Version 17
VisualStudioVersion = 17.1.32328.378
MinimumVisualStudioVersion = 10.0.40219.1
Project("{9A19103F-16F7-4668-BE54-9A1E7A4F7556}") = "Netflix PIN-Code BruteForce", "Netflix PIN-Code BruteForce.csproj", "{3E0B1D06-6C35-474B-B9BD-EC0ABC6ECA95}"
EndProject
Global
	GlobalSection(SolutionConfigurationPlatforms) = preSolution
		Debug|Any CPU = Debug|Any CPU
		Release|Any CPU = Release|Any CPU
	EndGlobalSection
	GlobalSection(ProjectConfigurationPlatforms) = postSolution
		{3E0B1D06-6C35-474B-B9BD-EC0ABC6ECA95}.Debug|Any CPU.ActiveCfg = Debug|Any CPU
		{3E0B1D06-6C35-474B-B9BD-EC0ABC6ECA95}.Debug|Any CPU.Build.0 = Debug|Any CPU
		{3E0B1D06-6C35-474B-B9BD-EC0ABC6ECA95}.Release|Any CPU.ActiveCfg = Release|Any CPU
		{3E0B1D06-6C35-474B-B9BD-EC0ABC6ECA95}.Release|Any CPU.Build.0 = Release|Any CPU
	EndGlobalSection
	GlobalSection(SolutionProperties) = preSolution
		HideSolutionNode = FALSE
	EndGlobalSection
	GlobalSection(ExtensibilityGlobals) = postSolution
		SolutionGuid = {85B67C77-FF1B-4001-AC2C-3B8414FF41E8}
	EndGlobalSection
EndGlobal
